
Microsoft Visual Studio Solution File, Format Version 11.00
# Visual Studio 2010
Project("{FAE04EC0-301F-11D3-BF4B-00C04F79EFBC}") = "lyingButtons", "lyingButtons.csproj", "{92C08645-83B6-E7C9-E341-4ECB25F92588}"
EndProject
Project("{FAE04EC0-301F-11D3-BF4B-00C04F79EFBC}") = "lyingButtons-Editor", "lyingButtons-Editor.csproj", "{4B32E403-7815-932D-D5C8-1EDD94003C55}"
EndProject
Global
	GlobalSection(SolutionConfigurationPlatforms) = preSolution
		Debug|Any CPU = Debug|Any CPU
		Release|Any CPU = Release|Any CPU
	EndGlobalSection
	GlobalSection(ProjectConfigurationPlatforms) = postSolution
		{92C08645-83B6-E7C9-E341-4ECB25F92588}.Debug|Any CPU.ActiveCfg = Debug|Any CPU
		{92C08645-83B6-E7C9-E341-4ECB25F92588}.Debug|Any CPU.Build.0 = Debug|Any CPU
		{92C08645-83B6-E7C9-E341-4ECB25F92588}.Release|Any CPU.ActiveCfg = Release|Any CPU
		{92C08645-83B6-E7C9-E341-4ECB25F92588}.Release|Any CPU.Build.0 = Release|Any CPU
		{4B32E403-7815-932D-D5C8-1EDD94003C55}.Debug|Any CPU.ActiveCfg = Debug|Any CPU
		{4B32E403-7815-932D-D5C8-1EDD94003C55}.Debug|Any CPU.Build.0 = Debug|Any CPU
		{4B32E403-7815-932D-D5C8-1EDD94003C55}.Release|Any CPU.ActiveCfg = Release|Any CPU
		{4B32E403-7815-932D-D5C8-1EDD94003C55}.Release|Any CPU.Build.0 = Release|Any CPU
	EndGlobalSection
	GlobalSection(SolutionProperties) = preSolution
		HideSolutionNode = FALSE
	EndGlobalSection
	GlobalSection(MonoDevelopProperties) = preSolution
		StartupItem = lyingButtons.csproj
	EndGlobalSection
EndGlobal
